Microsoft Visual Studio Solution File, Format Version 12.00
# Visual Studio Version 17
VisualStudioVersion = 17.11.35219.272
MinimumVisualStudioVersion = 10.0.40219.1
Project("{9A19103F-16F7-4668-BE54-9A1E7A4F7556}") = "Shape To Fabrication Demo", "ShapeToFabricationDemo.csproj", "{eca69dea-08a0-4294-8026-bbd497b4dd49}"
EndProject
Global
	GlobalSection(SolutionConfigurationPlatforms) = preSolution
		Debug|Any CPU = Debug|Any CPU
		Release|Any CPU = Release|Any CPU
	EndGlobalSection
	GlobalSection(ProjectConfigurationPlatforms) = postSolution
		{eca69dea-08a0-4294-8026-bbd497b4dd49}.Debug|Any CPU.ActiveCfg = Debug|Any CPU
		{eca69dea-08a0-4294-8026-bbd497b4dd49}.Debug|Any CPU.Build.0 = Debug|Any CPU
		{eca69dea-08a0-4294-8026-bbd497b4dd49}.Release|Any CPU.ActiveCfg = Release|Any CPU
		{eca69dea-08a0-4294-8026-bbd497b4dd49}.Release|Any CPU.Build.0 = Release|Any CPU
	EndGlobalSection
	GlobalSection(SolutionProperties) = preSolution
		HideSolutionNode = FALSE
	EndGlobalSection
	GlobalSection(ExtensibilityGlobals) = postSolution
		SolutionGuid = {6364f8a1-20a8-417c-ba8c-67ee90128237}
	EndGlobalSection
EndGlobal